NeoBundleLock ag.vim e70862d6436e8d7e9166208a703b5d60a5b384ab
NeoBundleLock closetag.vim 77572b488175c9b33917980540c487ceed471be4
NeoBundleLock ctrlp-cmatcher eff706cff39222dcad2f4660f8887af3bd02feba
NeoBundleLock ctrlp-py-matcher f5f98c7c901899eca5ee9f52ceee060be6d0f8a8
NeoBundleLock ctrlp.vim b5d3fe66a58a13d2ff8b6391f4387608496a030f
NeoBundleLock goyo.vim eb4ec21fe6d737fb8acdc8fc7a465b240a3fe22c
NeoBundleLock html5.vim 40e924c9f333609e8c5b0bbf30775281e1cd9ccf
NeoBundleLock neobundle.vim 02bd438c42748980d21f6a01860f383e9cc62335
NeoBundleLock neocomplcache.vim 778181767467b8f8016828898779a646074d883a
NeoBundleLock neocomplete.vim 890d68ad85f30dbe449a9e58a8646b1f6d7a7f6e
NeoBundleLock neosnippet-snippets 522c38e28949ae53af8c96d7bcbda192b92e3656
NeoBundleLock neosnippet.vim bc46bd4be69a40e2dbdda1c094e74a5b100eaf12
NeoBundleLock nerdtree af85499edace2acca27ce41790ac333f62b689bb
NeoBundleLock rainbow 7871d3e2350c91816c1aeeaf3a858fa9934efdac
NeoBundleLock tern_for_vim 63f7f56bbcd0359897ed45dff0ec7b9f0a992376
NeoBundleLock vim-autoclose a9a3b7384657bc1f60a963fd6c08c63fc48d61c3
NeoBundleLock vim-buffergator 77cfdd127fcf026ea2d5e8f5aaf85502286b16b7
NeoBundleLock vim-colorschemes 81c6dd7ce3169e5ad9ba92422ba6e1ce5b074e36
NeoBundleLock vim-daylight 2d31cb5d03b19dad058c1334439d9f488aff07f0
NeoBundleLock vim-hugefile b2233ccc0b97726e4a6afbb153a8497992977293
NeoBundleLock vim-janah 54d53d4d4c626825c5f63795392c14ad006bc6b7
NeoBundleLock vim-javascript 8a409f7fd89de746296a92218183dc69fb6e3d93
NeoBundleLock vim-jsx 6e761f4e6f6539a6e842e5ffe15948d19695a052
NeoBundleLock vim-lengthmatters 475d404cc0a1f75c50a7a07492699aacf60414ed
NeoBundleLock vim-matchit ceaf496a3763f3c20bc7f50c2135df4f1775ae05
NeoBundleLock vim-numbertoggle c4d0aaccce5798fd55649d169de262f3dac06312
NeoBundleLock vim-startify 2c7807566c5c3b531f957fadd7c87e3a5fdb8903
NeoBundleLock vimux a1db73079f7448f71e9693277db62d3cb5bad8ef
